
Microsoft Visual Studio Solution File, Format Version 12.00
# Visual Studio 15
VisualStudioVersion = 15.0.27428.2037
MinimumVisualStudioVersion = 10.0.40219.1
Project("{FAE04EC0-301F-11D3-BF4B-00C04F79EFBC}") = "01.ExcellentResult", "01.ExcellentResult\01.ExcellentResult.csproj", "{CC37C847-1581-4773-8DE0-9D257DADF714}"
EndProject
Project("{FAE04EC0-301F-11D3-BF4B-00C04F79EFBC}") = "02.ExcellentOrNot", "02.ExcellentOrNot\02.ExcellentOrNot.csproj", "{FC793799-96EA-4698-8A7F-51263904BE1E}"
EndProject
Project("{FAE04EC0-301F-11D3-BF4B-00C04F79EFBC}") = "03.OddOrEvenNumber", "03.OddOrEvenNumber\03.OddOrEvenNumber.csproj", "{862460A2-930F-4C3A-8F67-7B6BC7A5E70C}"
EndProject
Project("{FAE04EC0-301F-11D3-BF4B-00C04F79EFBC}") = "04.GreaterNumber", "04.GreaterNumber\04.GreaterNumber.csproj", "{C01D5FAF-1149-4A25-A1AF-E63333142B53}"
EndProject
Project("{FAE04EC0-301F-11D3-BF4B-00C04F79EFBC}") = "05.Number0...9ToText", "05.Number0...9ToText\05.Number0...9ToText.csproj", "{14A13E7A-4D34-47EE-9AE8-05808C6CD951}"
EndProject
Project("{FAE04EC0-301F-11D3-BF4B-00C04F79EFBC}") = "06.BonusScore", "06.BonusScore\06.BonusScore.csproj", "{CECBBAB6-001F-4A85-9FA1-C782F2765507}"
EndProject
Project("{FAE04EC0-301F-11D3-BF4B-00C04F79EFBC}") = "07.SumSeconds", "07.SumSeconds\07.SumSeconds.csproj", "{FBD18534-8206-4E24-822E-C045523705C6}"
EndProject
Project("{FAE04EC0-301F-11D3-BF4B-00C04F79EFBC}") = "08.MetricConverter", "08.MetricConverter\08.MetricConverter.csproj", "{70EF048F-7ACD-4464-9663-75B07F09A526}"
EndProject
Project("{FAE04EC0-301F-11D3-BF4B-00C04F79EFBC}") = "09.PasswordGuess", "09.PasswordGuess\09.PasswordGuess.csproj", "{2BD87352-6C9B-44FF-BEC1-3198272E01CA}"
EndProject
Project("{FAE04EC0-301F-11D3-BF4B-00C04F79EFBC}") = "10.Number100To200", "10.Number100To200\10.Number100To200.csproj", "{4471F7C0-8B01-4115-A904-2CF9CD1B8312}"
EndProject
Project("{FAE04EC0-301F-11D3-BF4B-00C04F79EFBC}") = "11.EqualWords", "11.EqualWords\11.EqualWords.csproj", "{DAC2554B-4E74-4284-A0E0-D336D1E1E3AE}"
EndProject
Project("{FAE04EC0-301F-11D3-BF4B-00C04F79EFBC}") = "12.SpeedInfo", "12.SpeedInfo\12.SpeedInfo.csproj", "{CDDE4D93-EC80-47D2-B467-208D8212D512}"
EndProject
Project("{FAE04EC0-301F-11D3-BF4B-00C04F79EFBC}") = "13.AreaOfFigures", "13.AreaOfFigures\13.AreaOfFigures.csproj", "{CBC8220B-797D-475A-89B4-8E1C963F33E1}"
EndProject
Project("{FAE04EC0-301F-11D3-BF4B-00C04F79EFBC}") = "14.TimePlus15Minutes", "14.TimePlus15Minutes\14.TimePlus15Minutes.csproj", "{2FD96465-A99C-4F6A-9A4C-57C1BF580A7C}"
EndProject
Project("{FAE04EC0-301F-11D3-BF4B-00C04F79EFBC}") = "15.ThreeEqualNumbers", "15.ThreeEqualNumbers\15.ThreeEqualNumbers.csproj", "{6F872206-D2C5-46C5-8803-CFA6057006D4}"
EndProject
Project("{FAE04EC0-301F-11D3-BF4B-00C04F79EFBC}") = "16.Number0To100ToText", "16.Number0To100ToText\16.Number0To100ToText.csproj", "{4800B346-1520-4E2F-B58F-2150833204E9}"
EndProject
Project("{FAE04EC0-301F-11D3-BF4B-00C04F79EFBC}") = "18.PriceTransport", "18.PriceTransport\18.PriceTransport.csproj", "{7278A295-DAC6-459A-832F-2F4AD0698F70}"
EndProject
Project("{FAE04EC0-301F-11D3-BF4B-00C04F79EFBC}") = "19.TubesInAPool", "19.TubesInAPool\19.TubesInAPool.csproj", "{059F2288-6FE1-4559-BC71-56D6C24E93F2}"
EndProject
Global
	GlobalSection(SolutionConfigurationPlatforms) = preSolution
		Debug|Any CPU = Debug|Any CPU
		Release|Any CPU = Release|Any CPU
	EndGlobalSection
	GlobalSection(ProjectConfigurationPlatforms) = postSolution
		{CC37C847-1581-4773-8DE0-9D257DADF714}.Debug|Any CPU.ActiveCfg = Debug|Any CPU
		{CC37C847-1581-4773-8DE0-9D257DADF714}.Debug|Any CPU.Build.0 = Debug|Any CPU
		{CC37C847-1581-4773-8DE0-9D257DADF714}.Release|Any CPU.ActiveCfg = Release|Any CPU
		{CC37C847-1581-4773-8DE0-9D257DADF714}.Release|Any CPU.Build.0 = Release|Any CPU
		{FC793799-96EA-4698-8A7F-51263904BE1E}.Debug|Any CPU.ActiveCfg = Debug|Any CPU
		{FC793799-96EA-4698-8A7F-51263904BE1E}.Debug|Any CPU.Build.0 = Debug|Any CPU
		{FC793799-96EA-4698-8A7F-51263904BE1E}.Release|Any CPU.ActiveCfg = Release|Any CPU
		{FC793799-96EA-4698-8A7F-51263904BE1E}.Release|Any CPU.Build.0 = Release|Any CPU
		{862460A2-930F-4C3A-8F67-7B6BC7A5E70C}.Debug|Any CPU.ActiveCfg = Debug|Any CPU
		{862460A2-930F-4C3A-8F67-7B6BC7A5E70C}.Debug|Any CPU.Build.0 = Debug|Any CPU
		{862460A2-930F-4C3A-8F67-7B6BC7A5E70C}.Release|Any CPU.ActiveCfg = Release|Any CPU
		{862460A2-930F-4C3A-8F67-7B6BC7A5E70C}.Release|Any CPU.Build.0 = Release|Any CPU
		{C01D5FAF-1149-4A25-A1AF-E63333142B53}.Debug|Any CPU.ActiveCfg = Debug|Any CPU
		{C01D5FAF-1149-4A25-A1AF-E63333142B53}.Debug|Any CPU.Build.0 = Debug|Any CPU
		{C01D5FAF-1149-4A25-A1AF-E63333142B53}.Release|Any CPU.ActiveCfg = Release|Any CPU
		{C01D5FAF-1149-4A25-A1AF-E63333142B53}.Release|Any CPU.Build.0 = Release|Any CPU
		{14A13E7A-4D34-47EE-9AE8-05808C6CD951}.Debug|Any CPU.ActiveCfg = Debug|Any CPU
		{14A13E7A-4D34-47EE-9AE8-05808C6CD951}.Debug|Any CPU.Build.0 = Debug|Any CPU
		{14A13E7A-4D34-47EE-9AE8-05808C6CD951}.Release|Any CPU.ActiveCfg = Release|Any CPU
		{14A13E7A-4D34-47EE-9AE8-05808C6CD951}.Release|Any CPU.Build.0 = Release|Any CPU
		{CECBBAB6-001F-4A85-9FA1-C782F2765507}.Debug|Any CPU.ActiveCfg = Debug|Any CPU
		{CECBBAB6-001F-4A85-9FA1-C782F2765507}.Debug|Any CPU.Build.0 = Debug|Any CPU
		{CECBBAB6-001F-4A85-9FA1-C782F2765507}.Release|Any CPU.ActiveCfg = Release|Any CPU
		{CECBBAB6-001F-4A85-9FA1-C782F2765507}.Release|Any CPU.Build.0 = Release|Any CPU
		{FBD18534-8206-4E24-822E-C045523705C6}.Debug|Any CPU.ActiveCfg = Debug|Any CPU
		{FBD18534-8206-4E24-822E-C045523705C6}.Debug|Any CPU.Build.0 = Debug|Any CPU
		{FBD18534-8206-4E24-822E-C045523705C6}.Release|Any CPU.ActiveCfg = Release|Any CPU
		{FBD18534-8206-4E24-822E-C045523705C6}.Release|Any CPU.Build.0 = Release|Any CPU
		{70EF048F-7ACD-4464-9663-75B07F09A526}.Debug|Any CPU.ActiveCfg = Debug|Any CPU
		{70EF048F-7ACD-4464-9663-75B07F09A526}.Debug|Any CPU.Build.0 = Debug|Any CPU
		{70EF048F-7ACD-4464-9663-75B07F09A526}.Release|Any CPU.ActiveCfg = Release|Any CPU
		{70EF048F-7ACD-4464-9663-75B07F09A526}.Release|Any CPU.Build.0 = Release|Any CPU
		{2BD87352-6C9B-44FF-BEC1-3198272E01CA}.Debug|Any CPU.ActiveCfg = Debug|Any CPU
		{2BD87352-6C9B-44FF-BEC1-3198272E01CA}.Debug|Any CPU.Build.0 = Debug|Any CPU
		{2BD87352-6C9B-44FF-BEC1-3198272E01CA}.Release|Any CPU.ActiveCfg = Release|Any CPU
		{2BD87352-6C9B-44FF-BEC1-3198272E01CA}.Release|Any CPU.Build.0 = Release|Any CPU
		{4471F7C0-8B01-4115-A904-2CF9CD1B8312}.Debug|Any CPU.ActiveCfg = Debug|Any CPU
		{4471F7C0-8B01-4115-A904-2CF9CD1B8312}.Debug|Any CPU.Build.0 = Debug|Any CPU
		{4471F7C0-8B01-4115-A904-2CF9CD1B8312}.Release|Any CPU.ActiveCfg = Release|Any CPU
		{4471F7C0-8B01-4115-A904-2CF9CD1B8312}.Release|Any CPU.Build.0 = Release|Any CPU
		{DAC2554B-4E74-4284-A0E0-D336D1E1E3AE}.Debug|Any CPU.ActiveCfg = Debug|Any CPU
		{DAC2554B-4E74-4284-A0E0-D336D1E1E3AE}.Debug|Any CPU.Build.0 = Debug|Any CPU
		{DAC2554B-4E74-4284-A0E0-D336D1E1E3AE}.Release|Any CPU.ActiveCfg = Release|Any CPU
		{DAC2554B-4E74-4284-A0E0-D336D1E1E3AE}.Release|Any CPU.Build.0 = Release|Any CPU
		{CDDE4D93-EC80-47D2-B467-208D8212D512}.Debug|Any CPU.ActiveCfg = Debug|Any CPU
		{CDDE4D93-EC80-47D2-B467-208D8212D512}.Debug|Any CPU.Build.0 = Debug|Any CPU
		{CDDE4D93-EC80-47D2-B467-208D8212D512}.Release|Any CPU.ActiveCfg = Release|Any CPU
		{CDDE4D93-EC80-47D2-B467-208D8212D512}.Release|Any CPU.Build.0 = Release|Any CPU
		{CBC8220B-797D-475A-89B4-8E1C963F33E1}.Debug|Any CPU.ActiveCfg = Debug|Any CPU
		{CBC8220B-797D-475A-89B4-8E1C963F33E1}.Debug|Any CPU.Build.0 = Debug|Any CPU
		{CBC8220B-797D-475A-89B4-8E1C963F33E1}.Release|Any CPU.ActiveCfg = Release|Any CPU
		{CBC8220B-797D-475A-89B4-8E1C963F33E1}.Release|Any CPU.Build.0 = Release|Any CPU
		{2FD96465-A99C-4F6A-9A4C-57C1BF580A7C}.Debug|Any CPU.ActiveCfg = Debug|Any CPU
		{2FD96465-A99C-4F6A-9A4C-57C1BF580A7C}.Debug|Any CPU.Build.0 = Debug|Any CPU
		{2FD96465-A99C-4F6A-9A4C-57C1BF580A7C}.Release|Any CPU.ActiveCfg = Release|Any CPU
		{2FD96465-A99C-4F6A-9A4C-57C1BF580A7C}.Release|Any CPU.Build.0 = Release|Any CPU
		{6F872206-D2C5-46C5-8803-CFA6057006D4}.Debug|Any CPU.ActiveCfg = Debug|Any CPU
		{6F872206-D2C5-46C5-8803-CFA6057006D4}.Debug|Any CPU.Build.0 = Debug|Any CPU
		{6F872206-D2C5-46C5-8803-CFA6057006D4}.Release|Any CPU.ActiveCfg = Release|Any CPU
		{6F872206-D2C5-46C5-8803-CFA6057006D4}.Release|Any CPU.Build.0 = Release|Any CPU
		{4800B346-1520-4E2F-B58F-2150833204E9}.Debug|Any CPU.ActiveCfg = Debug|Any CPU
		{4800B346-1520-4E2F-B58F-2150833204E9}.Debug|Any CPU.Build.0 = Debug|Any CPU
		{4800B346-1520-4E2F-B58F-2150833204E9}.Release|Any CPU.ActiveCfg = Release|Any CPU
		{4800B346-1520-4E2F-B58F-2150833204E9}.Release|Any CPU.Build.0 = Release|Any CPU
		{7278A295-DAC6-459A-832F-2F4AD0698F70}.Debug|Any CPU.ActiveCfg = Debug|Any CPU
		{7278A295-DAC6-459A-832F-2F4AD0698F70}.Debug|Any CPU.Build.0 = Debug|Any CPU
		{7278A295-DAC6-459A-832F-2F4AD0698F70}.Release|Any CPU.ActiveCfg = Release|Any CPU
		{7278A295-DAC6-459A-832F-2F4AD0698F70}.Release|Any CPU.Build.0 = Release|Any CPU
		{059F2288-6FE1-4559-BC71-56D6C24E93F2}.Debug|Any CPU.ActiveCfg = Debug|Any CPU
		{059F2288-6FE1-4559-BC71-56D6C24E93F2}.Debug|Any CPU.Build.0 = Debug|Any CPU
		{059F2288-6FE1-4559-BC71-56D6C24E93F2}.Release|Any CPU.ActiveCfg = Release|Any CPU
		{059F2288-6FE1-4559-BC71-56D6C24E93F2}.Release|Any CPU.Build.0 = Release|Any CPU
	EndGlobalSection
	GlobalSection(SolutionProperties) = preSolution
		HideSolutionNode = FALSE
	EndGlobalSection
	GlobalSection(ExtensibilityGlobals) = postSolution
		SolutionGuid = {742E643B-2192-4F0F-8F34-A09A1B3118FC}
	EndGlobalSection
EndGlobal
