
Microsoft Visual Studio Solution File, Format Version 12.00
# Visual Studio 15
VisualStudioVersion = 15.0.27428.2037
MinimumVisualStudioVersion = 10.0.40219.1
Project("{FAE04EC0-301F-11D3-BF4B-00C04F79EFBC}") = "01.ExcellentResult", "01.ExcellentResult\01.ExcellentResult.csproj", "{CC37C847-1581-4773-8DE0-9D257DADF714}"
EndProject
Project("{FAE04EC0-301F-11D3-BF4B-00C04F79EFBC}") = "02.ExcellentOrNot", "02.ExcellentOrNot\02.ExcellentOrNot.csproj", "{FC793799-96EA-4698-8A7F-51263904BE1E}"
EndProject
Project("{FAE04EC0-301F-11D3-BF4B-00C04F79EFBC}") = "03.OddOrEvenNumber", "03.OddOrEvenNumber\03.OddOrEvenNumber.csproj", "{862460A2-930F-4C3A-8F67-7B6BC7A5E70C}"
EndProject
Project("{FAE04EC0-301F-11D3-BF4B-00C04F79EFBC}") = "04.GreaterNumber", "04.GreaterNumber\04.GreaterNumber.csproj", "{C01D5FAF-1149-4A25-A1AF-E63333142B53}"
EndProject
Global
	GlobalSection(SolutionConfigurationPlatforms) = preSolution
		Debug|Any CPU = Debug|Any CPU
		Release|Any CPU = Release|Any CPU
	EndGlobalSection
	GlobalSection(ProjectConfigurationPlatforms) = postSolution
		{CC37C847-1581-4773-8DE0-9D257DADF714}.Debug|Any CPU.ActiveCfg = Debug|Any CPU
		{CC37C847-1581-4773-8DE0-9D257DADF714}.Debug|Any CPU.Build.0 = Debug|Any CPU
		{CC37C847-1581-4773-8DE0-9D257DADF714}.Release|Any CPU.ActiveCfg = Release|Any CPU
		{CC37C847-1581-4773-8DE0-9D257DADF714}.Release|Any CPU.Build.0 = Release|Any CPU
		{FC793799-96EA-4698-8A7F-51263904BE1E}.Debug|Any CPU.ActiveCfg = Debug|Any CPU
		{FC793799-96EA-4698-8A7F-51263904BE1E}.Debug|Any CPU.Build.0 = Debug|Any CPU
		{FC793799-96EA-4698-8A7F-51263904BE1E}.Release|Any CPU.ActiveCfg = Release|Any CPU
		{FC793799-96EA-4698-8A7F-51263904BE1E}.Release|Any CPU.Build.0 = Release|Any CPU
		{862460A2-930F-4C3A-8F67-7B6BC7A5E70C}.Debug|Any CPU.ActiveCfg = Debug|Any CPU
		{862460A2-930F-4C3A-8F67-7B6BC7A5E70C}.Debug|Any CPU.Build.0 = Debug|Any CPU
		{862460A2-930F-4C3A-8F67-7B6BC7A5E70C}.Release|Any CPU.ActiveCfg = Release|Any CPU
		{862460A2-930F-4C3A-8F67-7B6BC7A5E70C}.Release|Any CPU.Build.0 = Release|Any CPU
		{C01D5FAF-1149-4A25-A1AF-E63333142B53}.Debug|Any CPU.ActiveCfg = Debug|Any CPU
		{C01D5FAF-1149-4A25-A1AF-E63333142B53}.Debug|Any CPU.Build.0 = Debug|Any CPU
		{C01D5FAF-1149-4A25-A1AF-E63333142B53}.Release|Any CPU.ActiveCfg = Release|Any CPU
		{C01D5FAF-1149-4A25-A1AF-E63333142B53}.Release|Any CPU.Build.0 = Release|Any CPU
	EndGlobalSection
	GlobalSection(SolutionProperties) = preSolution
		HideSolutionNode = FALSE
	EndGlobalSection
	GlobalSection(ExtensibilityGlobals) = postSolution
		SolutionGuid = {742E643B-2192-4F0F-8F34-A09A1B3118FC}
	EndGlobalSection
EndGlobal
